
Microsoft Visual Studio Solution File, Format Version 12.00
# Visual Studio Version 17
VisualStudioVersion = 17.10.35122.118
MinimumVisualStudioVersion = 10.0.40219.1
Project("{9A19103F-16F7-4668-BE54-9A1E7A4F7556}") = "Catalog.API", "Catalog.API\Catalog.API.csproj", "{27D18096-07DA-4E85-A4FA-282971DE6EA0}"
EndProject
Project("{2150E333-8FDC-42A3-9474-1A3956D46DE8}") = "BuildingBlocks", "BuildingBlocks", "{EBE201F4-5464-46FD-B1E3-6CC852ECF2B1}"
EndProject
Project("{9A19103F-16F7-4668-BE54-9A1E7A4F7556}") = "BuildingBlocks", "BuildingBlocks\BuildingBlocks\BuildingBlocks.csproj", "{A561A418-FF51-445C-95CF-3B094C977DA4}"
EndProject
Project("{E53339B2-1760-4266-BCC7-CA923CBCF16C}") = "docker-compose", "docker-compose.dcproj", "{7002AA5C-3EAF-43A1-89A0-5BCFAA36A99F}"
EndProject
Project("{FAE04EC0-301F-11D3-BF4B-00C04F79EFBC}") = "Ordering.API", "Ordering.API\Ordering.API.csproj", "{5B2E5E9D-9FE9-4E7D-9BC5-B7FC49361B8B}"
EndProject
Project("{2150E333-8FDC-42A3-9474-1A3956D46DE8}") = "Catalog", "Catalog", "{AE4A9CF1-62CD-4767-B054-2CB4810A804D}"
EndProject
Project("{2150E333-8FDC-42A3-9474-1A3956D46DE8}") = "Ordering", "Ordering", "{B606FD4F-1A1D-439F-8B7B-5FF7E82A4908}"
EndProject
Project("{FAE04EC0-301F-11D3-BF4B-00C04F79EFBC}") = "Ordering.Domain", "Ordering.Domain\Ordering.Domain.csproj", "{B0A2E45E-BAD8-4BC2-A9F7-67AF8901C379}"
EndProject
Project("{FAE04EC0-301F-11D3-BF4B-00C04F79EFBC}") = "Ordering.Application", "Ordering.Application\Ordering.Application.csproj", "{889A812C-5D92-4FB0-86C6-FF44F793E585}"
EndProject
Project("{FAE04EC0-301F-11D3-BF4B-00C04F79EFBC}") = "Ordering.Infrastructure", "Ordering.Infrastructure\Ordering.Infrastructure.csproj", "{5A55194F-BD9E-4E3D-A1E3-D7C559322DB4}"
EndProject
Global
	GlobalSection(SolutionConfigurationPlatforms) = preSolution
		Debug|Any CPU = Debug|Any CPU
		Release|Any CPU = Release|Any CPU
	EndGlobalSection
	GlobalSection(ProjectConfigurationPlatforms) = postSolution
		{27D18096-07DA-4E85-A4FA-282971DE6EA0}.Debug|Any CPU.ActiveCfg = Debug|Any CPU
		{27D18096-07DA-4E85-A4FA-282971DE6EA0}.Debug|Any CPU.Build.0 = Debug|Any CPU
		{27D18096-07DA-4E85-A4FA-282971DE6EA0}.Release|Any CPU.ActiveCfg = Release|Any CPU
		{27D18096-07DA-4E85-A4FA-282971DE6EA0}.Release|Any CPU.Build.0 = Release|Any CPU
		{A561A418-FF51-445C-95CF-3B094C977DA4}.Debug|Any CPU.ActiveCfg = Debug|Any CPU
		{A561A418-FF51-445C-95CF-3B094C977DA4}.Debug|Any CPU.Build.0 = Debug|Any CPU
		{A561A418-FF51-445C-95CF-3B094C977DA4}.Release|Any CPU.ActiveCfg = Release|Any CPU
		{A561A418-FF51-445C-95CF-3B094C977DA4}.Release|Any CPU.Build.0 = Release|Any CPU
		{7002AA5C-3EAF-43A1-89A0-5BCFAA36A99F}.Debug|Any CPU.ActiveCfg = Debug|Any CPU
		{7002AA5C-3EAF-43A1-89A0-5BCFAA36A99F}.Debug|Any CPU.Build.0 = Debug|Any CPU
		{7002AA5C-3EAF-43A1-89A0-5BCFAA36A99F}.Release|Any CPU.ActiveCfg = Release|Any CPU
		{7002AA5C-3EAF-43A1-89A0-5BCFAA36A99F}.Release|Any CPU.Build.0 = Release|Any CPU
		{5B2E5E9D-9FE9-4E7D-9BC5-B7FC49361B8B}.Debug|Any CPU.ActiveCfg = Debug|Any CPU
		{5B2E5E9D-9FE9-4E7D-9BC5-B7FC49361B8B}.Debug|Any CPU.Build.0 = Debug|Any CPU
		{5B2E5E9D-9FE9-4E7D-9BC5-B7FC49361B8B}.Release|Any CPU.ActiveCfg = Release|Any CPU
		{5B2E5E9D-9FE9-4E7D-9BC5-B7FC49361B8B}.Release|Any CPU.Build.0 = Release|Any CPU
		{B0A2E45E-BAD8-4BC2-A9F7-67AF8901C379}.Debug|Any CPU.ActiveCfg = Debug|Any CPU
		{B0A2E45E-BAD8-4BC2-A9F7-67AF8901C379}.Debug|Any CPU.Build.0 = Debug|Any CPU
		{B0A2E45E-BAD8-4BC2-A9F7-67AF8901C379}.Release|Any CPU.ActiveCfg = Release|Any CPU
		{B0A2E45E-BAD8-4BC2-A9F7-67AF8901C379}.Release|Any CPU.Build.0 = Release|Any CPU
		{889A812C-5D92-4FB0-86C6-FF44F793E585}.Debug|Any CPU.ActiveCfg = Debug|Any CPU
		{889A812C-5D92-4FB0-86C6-FF44F793E585}.Debug|Any CPU.Build.0 = Debug|Any CPU
		{889A812C-5D92-4FB0-86C6-FF44F793E585}.Release|Any CPU.ActiveCfg = Release|Any CPU
		{889A812C-5D92-4FB0-86C6-FF44F793E585}.Release|Any CPU.Build.0 = Release|Any CPU
		{5A55194F-BD9E-4E3D-A1E3-D7C559322DB4}.Debug|Any CPU.ActiveCfg = Debug|Any CPU
		{5A55194F-BD9E-4E3D-A1E3-D7C559322DB4}.Debug|Any CPU.Build.0 = Debug|Any CPU
		{5A55194F-BD9E-4E3D-A1E3-D7C559322DB4}.Release|Any CPU.ActiveCfg = Release|Any CPU
		{5A55194F-BD9E-4E3D-A1E3-D7C559322DB4}.Release|Any CPU.Build.0 = Release|Any CPU
	EndGlobalSection
	GlobalSection(SolutionProperties) = preSolution
		HideSolutionNode = FALSE
	EndGlobalSection
	GlobalSection(NestedProjects) = preSolution
		{27D18096-07DA-4E85-A4FA-282971DE6EA0} = {AE4A9CF1-62CD-4767-B054-2CB4810A804D}
		{A561A418-FF51-445C-95CF-3B094C977DA4} = {EBE201F4-5464-46FD-B1E3-6CC852ECF2B1}
		{5B2E5E9D-9FE9-4E7D-9BC5-B7FC49361B8B} = {B606FD4F-1A1D-439F-8B7B-5FF7E82A4908}
		{B0A2E45E-BAD8-4BC2-A9F7-67AF8901C379} = {B606FD4F-1A1D-439F-8B7B-5FF7E82A4908}
		{889A812C-5D92-4FB0-86C6-FF44F793E585} = {B606FD4F-1A1D-439F-8B7B-5FF7E82A4908}
		{5A55194F-BD9E-4E3D-A1E3-D7C559322DB4} = {B606FD4F-1A1D-439F-8B7B-5FF7E82A4908}
	EndGlobalSection
	GlobalSection(ExtensibilityGlobals) = postSolution
		SolutionGuid = {0F330559-2F12-4051-B1DF-8C2DC6DDE9E6}
	EndGlobalSection
EndGlobal
